
Microsoft Visual Studio Solution File, Format Version 12.00
# Visual Studio Version 17
VisualStudioVersion = 17.10.34916.146
MinimumVisualStudioVersion = 10.0.40219.1
Project("{FAE04EC0-301F-11D3-BF4B-00C04F79EFBC}") = "SarasaviLite", "SarasaviLite\SarasaviLite.csproj", "{F4143A91-31B8-485A-88CB-CFADB226CDCB}"
EndProject
Global
	GlobalSection(SolutionConfigurationPlatforms) = preSolution
		Debug|Any CPU = Debug|Any CPU
		Release|Any CPU = Release|Any CPU
	EndGlobalSection
	GlobalSection(ProjectConfigurationPlatforms) = postSolution
		{F4143A91-31B8-485A-88CB-CFADB226CDCB}.Debug|Any CPU.ActiveCfg = Debug|Any CPU
		{F4143A91-31B8-485A-88CB-CFADB226CDCB}.Debug|Any CPU.Build.0 = Debug|Any CPU
		{F4143A91-31B8-485A-88CB-CFADB226CDCB}.Release|Any CPU.ActiveCfg = Release|Any CPU
		{F4143A91-31B8-485A-88CB-CFADB226CDCB}.Release|Any CPU.Build.0 = Release|Any CPU
	EndGlobalSection
	GlobalSection(SolutionProperties) = preSolution
		HideSolutionNode = FALSE
	EndGlobalSection
	GlobalSection(ExtensibilityGlobals) = postSolution
		SolutionGuid = {33B607EB-CD01-4B12-8099-81EE167AA3D7}
	EndGlobalSection
EndGlobal
